// !$*UTF8*$!
{
	archiveVersion = 1;
	classes = {
	};
	objectVersion = 46;
	objects = {

/* Begin PBXBuildFile section */
		D13B4BEF1AD74CC700EF527D /* Challenge4.m in Sources */ = {isa = PBXBuildFile; fileRef = D13B4BEE1AD74CC700EF527D /* Challenge4.m */; };
		D13B4BF21AD74F4500EF527D /* Challenge5.m in Sources */ = {isa = PBXBuildFile; fileRef = D13B4BF11AD74F4500EF527D /* Challenge5.m */; };
		D13B4BF91AD76B8400EF527D /* XYPoint.m in Sources */ = {isa = PBXBuildFile; fileRef = D13B4BF81AD76B8400EF527D /* XYPoint.m */; };
		D14CD2E61AD6E9F700DBFEFE /* main.m in Sources */ = {isa = PBXBuildFile; fileRef = D14CD2E51AD6E9F700DBFEFE /* main.m */; };
		D14CD2F01AD6EAB600DBFEFE /* Car.m in Sources */ = {isa = PBXBuildFile; fileRef = D14CD2EF1AD6EAB600DBFEFE /* Car.m */; };
		D14CD3081AD71C2000DBFEFE /* Cellphone.m in Sources */ = {isa = PBXBuildFile; fileRef = D14CD3071AD71C2000DBFEFE /* Cellphone.m */; };
		D14CD3111AD7214700DBFEFE /* Cellphone2.m in Sources */ = {isa = PBXBuildFile; fileRef = D14CD3101AD7214700DBFEFE /* Cellphone2.m */; };
		D14CD3131AD7239800DBFEFE /* Challenge3.m in Sources */ = {isa = PBXBuildFile; fileRef = D14CD3121AD7239800DBFEFE /* Challenge3.m */; };
/* End PBXBuildFile section */

/* Begin PBXCopyFilesBuildPhase section */
		D14CD2E01AD6E9F700DBFEFE /* CopyFiles */ = {
			isa = PBXCopyFilesBuildPhase;
			buildActionMask = 2147483647;
			dstPath = /usr/share/man/man1/;
			dstSubfolderSpec = 0;
			files = (
			);
			runOnlyForDeploymentPostprocessing = 1;
		};
/* End PBXCopyFilesBuildPhase section */

/* Begin PBXFileReference section */
		D13B4BEE1AD74CC700EF527D /* Challenge4.m */ = {isa = PBXFileReference; fileEncoding = 4; lastKnownFileType = sourcecode.c.objc; path = Challenge4.m; sourceTree = "<group>"; };
		D13B4BF11AD74F4500EF527D /* Challenge5.m */ = {isa = PBXFileReference; fileEncoding = 4; lastKnownFileType = sourcecode.c.objc; path = Challenge5.m; sourceTree = "<group>"; };
		D13B4BF71AD76B8400EF527D /* XYPoint.h */ = {isa = PBXFileReference; fileEncoding = 4; lastKnownFileType = sourcecode.c.h; path = XYPoint.h; sourceTree = "<group>"; };
		D13B4BF81AD76B8400EF527D /* XYPoint.m */ = {isa = PBXFileReference; fileEncoding = 4; lastKnownFileType = sourcecode.c.objc; path = XYPoint.m; sourceTree = "<group>"; };
		D14CD2E21AD6E9F700DBFEFE /* Car */ = {isa = PBXFileReference; explicitFileType = "compiled.mach-o.executable"; includeInIndex = 0; path = Car; sourceTree = BUILT_PRODUCTS_DIR; };
		D14CD2E51AD6E9F700DBFEFE /* main.m */ = {isa = PBXFileReference; lastKnownFileType = sourcecode.c.objc; path = main.m; sourceTree = "<group>"; };
		D14CD2EE1AD6EAB600DBFEFE /* Car.h */ = {isa = PBXFileReference; fileEncoding = 4; lastKnownFileType = sourcecode.c.h; path = Car.h; sourceTree = "<group>"; };
		D14CD2EF1AD6EAB600DBFEFE /* Car.m */ = {isa = PBXFileReference; fileEncoding = 4; lastKnownFileType = sourcecode.c.objc; path = Car.m; sourceTree = "<group>"; };
		D14CD3071AD71C2000DBFEFE /* Cellphone.m */ = {isa = PBXFileReference; fileEncoding = 4; lastKnownFileType = sourcecode.c.objc; path = Cellphone.m; sourceTree = "<group>"; };
		D14CD3101AD7214700DBFEFE /* Cellphone2.m */ = {isa = PBXFileReference; fileEncoding = 4; lastKnownFileType = sourcecode.c.objc; path = Cellphone2.m; sourceTree = "<group>"; };
		D14CD3121AD7239800DBFEFE /* Challenge3.m */ = {isa = PBXFileReference; fileEncoding = 4; lastKnownFileType = sourcecode.c.objc; path = Challenge3.m; sourceTree = "<group>"; };
/* End PBXFileReference section */

/* Begin PBXFrameworksBuildPhase section */
		D14CD2DF1AD6E9F700DBFEFE /* Frameworks */ = {
			isa = PBXFrameworksBuildPhase;
			buildActionMask = 2147483647;
			files = (
			);
			runOnlyForDeploymentPostprocessing = 0;
		};
/* End PBXFrameworksBuildPhase section */

/* Begin PBXGroup section */
		D13B4BED1AD74CA900EF527D /* Challenge4 */ = {
			isa = PBXGroup;
			children = (
				D13B4BEE1AD74CC700EF527D /* Challenge4.m */,
			);
			name = Challenge4;
			sourceTree = "<group>";
		};
		D13B4BF01AD74F0E00EF527D /* Challenge5 */ = {
			isa = PBXGroup;
			children = (
				D13B4BF11AD74F4500EF527D /* Challenge5.m */,
			);
			name = Challenge5;
			sourceTree = "<group>";
		};
		D13B4BF61AD760AE00EF527D /* Challenge6 */ = {
			isa = PBXGroup;
			children = (
				D13B4BF71AD76B8400EF527D /* XYPoint.h */,
				D13B4BF81AD76B8400EF527D /* XYPoint.m */,
			);
			name = Challenge6;
			sourceTree = "<group>";
		};
		D14CD2D91AD6E9F700DBFEFE = {
			isa = PBXGroup;
			children = (
				D13B4BF61AD760AE00EF527D /* Challenge6 */,
				D13B4BF01AD74F0E00EF527D /* Challenge5 */,
				D13B4BED1AD74CA900EF527D /* Challenge4 */,
				D14CD3141AD723AB00DBFEFE /* Challenge3 */,
				D14CD3121AD7239800DBFEFE /* Challenge3.m */,
				D14CD30B1AD71DEF00DBFEFE /* Challenge2 */,
				D14CD3051AD71BC900DBFEFE /* Challenge1 */,
				D14CD2F11AD6EAC200DBFEFE /* Model */,
				D14CD2E41AD6E9F700DBFEFE /* Car */,
				D14CD2E31AD6E9F700DBFEFE /* Products */,
			);
			sourceTree = "<group>";
		};
		D14CD2E31AD6E9F700DBFEFE /* Products */ = {
			isa = PBXGroup;
			children = (
				D14CD2E21AD6E9F700DBFEFE /* Car */,
			);
			name = Products;
			sourceTree = "<group>";
		};
		D14CD2E41AD6E9F700DBFEFE /* Car */ = {
			isa = PBXGroup;
			children = (
				D14CD2E51AD6E9F700DBFEFE /* main.m */,
			);
			path = Car;
			sourceTree = "<group>";
		};
		D14CD2F11AD6EAC200DBFEFE /* Model */ = {
			isa = PBXGroup;
			children = (
				D14CD2EE1AD6EAB600DBFEFE /* Car.h */,
				D14CD2EF1AD6EAB600DBFEFE /* Car.m */,
			);
			name = Model;
			path = Car;
			sourceTree = "<group>";
		};
		D14CD3051AD71BC900DBFEFE /* Challenge1 */ = {
			isa = PBXGroup;
			children = (
				D14CD3071AD71C2000DBFEFE /* Cellphone.m */,
			);
			name = Challenge1;
			sourceTree = "<group>";
		};
		D14CD30B1AD71DEF00DBFEFE /* Challenge2 */ = {
			isa = PBXGroup;
			children = (
				D14CD3101AD7214700DBFEFE /* Cellphone2.m */,
			);
			name = Challenge2;
			sourceTree = "<group>";
		};
		D14CD3141AD723AB00DBFEFE /* Challenge3 */ = {
			isa = PBXGroup;
			children = (
			);
			name = Challenge3;
			sourceTree = "<group>";
		};
/* End PBXGroup section */

/* Begin PBXNativeTarget section */
		D14CD2E11AD6E9F700DBFEFE /* Car */ = {
			isa = PBXNativeTarget;
			buildConfigurationList = D14CD2E91AD6E9F700DBFEFE /* Build configuration list for PBXNativeTarget "Car" */;
			buildPhases = (
				D14CD2DE1AD6E9F700DBFEFE /* Sources */,
				D14CD2DF1AD6E9F700DBFEFE /* Frameworks */,
				D14CD2E01AD6E9F700DBFEFE /* CopyFiles */,
			);
			buildRules = (
			);
			dependencies = (
			);
			name = Car;
			productName = Car;
			productReference = D14CD2E21AD6E9F700DBFEFE /* Car */;
			productType = "com.apple.product-type.tool";
		};
/* End PBXNativeTarget section */

/* Begin PBXProject section */
		D14CD2DA1AD6E9F700DBFEFE /* Project object */ = {
			isa = PBXProject;
			attributes = {
				LastUpgradeCheck = 0620;
				ORGANIZATIONNAME = TD;
				TargetAttributes = {
					D14CD2E11AD6E9F700DBFEFE = {
						CreatedOnToolsVersion = 6.2;
					};
				};
			};
			buildConfigurationList = D14CD2DD1AD6E9F700DBFEFE /* Build configuration list for PBXProject "Car" */;
			compatibilityVersion = "Xcode 3.2";
			developmentRegion = English;
			hasScannedForEncodings = 0;
			knownRegions = (
				en,
			);
			mainGroup = D14CD2D91AD6E9F700DBFEFE;
			productRefGroup = D14CD2E31AD6E9F700DBFEFE /* Products */;
			projectDirPath = "";
			projectRoot = "";
			targets = (
				D14CD2E11AD6E9F700DBFEFE /* Car */,
			);
		};
/* End PBXProject section */

/* Begin PBXSourcesBuildPhase section */
		D14CD2DE1AD6E9F700DBFEFE /* Sources */ = {
			isa = PBXSourcesBuildPhase;
			buildActionMask = 2147483647;
			files = (
				D14CD2F01AD6EAB600DBFEFE /* Car.m in Sources */,
				D14CD3081AD71C2000DBFEFE /* Cellphone.m in Sources */,
				D14CD2E61AD6E9F700DBFEFE /* main.m in Sources */,
				D13B4BF21AD74F4500EF527D /* Challenge5.m in Sources */,
				D14CD3111AD7214700DBFEFE /* Cellphone2.m in Sources */,
				D13B4BEF1AD74CC700EF527D /* Challenge4.m in Sources */,
				D14CD3131AD7239800DBFEFE /* Challenge3.m in Sources */,
				D13B4BF91AD76B8400EF527D /* XYPoint.m in Sources */,
			);
			runOnlyForDeploymentPostprocessing = 0;
		};
/* End PBXSourcesBuildPhase section */

/* Begin XCBuildConfiguration section */
		D14CD2E71AD6E9F700DBFEFE /* Debug */ = {
			isa = XCBuildConfiguration;
			buildSettings = {
				ALWAYS_SEARCH_USER_PATHS = NO;
				CLANG_CXX_LANGUAGE_STANDARD = "gnu++0x";
				CLANG_CXX_LIBRARY = "libc++";
				CLANG_ENABLE_MODULES = YES;
				CLANG_ENABLE_OBJC_ARC = YES;
				CLANG_WARN_BOOL_CONVERSION = YES;
				CLANG_WARN_CONSTANT_CONVERSION = YES;
				CLANG_WARN_DIRECT_OBJC_ISA_USAGE = YES_ERROR;
				CLANG_WARN_EMPTY_BODY = YES;
				CLANG_WARN_ENUM_CONVERSION = YES;
				CLANG_WARN_INT_CONVERSION = YES;
				CLANG_WARN_OBJC_ROOT_CLASS = YES_ERROR;
				CLANG_WARN_UNREACHABLE_CODE = YES;
				CLANG_WARN__DUPLICATE_METHOD_MATCH = YES;
				COPY_PHASE_STRIP = NO;
				ENABLE_STRICT_OBJC_MSGSEND = YES;
				GCC_C_LANGUAGE_STANDARD = gnu99;
				GCC_DYNAMIC_NO_PIC = NO;
				GCC_OPTIMIZATION_LEVEL = 0;
				GCC_PREPROCESSOR_DEFINITIONS = (
					"DEBUG=1",
					"$(inherited)",
				);
				GCC_SYMBOLS_PRIVATE_EXTERN = NO;
				GCC_WARN_64_TO_32_BIT_CONVERSION = YES;
				GCC_WARN_ABOUT_RETURN_TYPE = YES_ERROR;
				GCC_WARN_UNDECLARED_SELECTOR = YES;
				GCC_WARN_UNINITIALIZED_AUTOS = YES_AGGRESSIVE;
				GCC_WARN_UNUSED_FUNCTION = YES;
				GCC_WARN_UNUSED_VARIABLE = YES;
				MACOSX_DEPLOYMENT_TARGET = 10.10;
				MTL_ENABLE_DEBUG_INFO = YES;
				ONLY_ACTIVE_ARCH = YES;
				SDKROOT = macosx;
			};
			name = Debug;
		};
		D14CD2E81AD6E9F700DBFEFE /* Release */ = {
			isa = XCBuildConfiguration;
			buildSettings = {
				ALWAYS_SEARCH_USER_PATHS = NO;
				CLANG_CXX_LANGUAGE_STANDARD = "gnu++0x";
				CLANG_CXX_LIBRARY = "libc++";
				CLANG_ENABLE_MODULES = YES;
				CLANG_ENABLE_OBJC_ARC = YES;
				CLANG_WARN_BOOL_CONVERSION = YES;
				CLANG_WARN_CONSTANT_CONVERSION = YES;
				CLANG_WARN_DIRECT_OBJC_ISA_USAGE = YES_ERROR;
				CLANG_WARN_EMPTY_BODY = YES;
				CLANG_WARN_ENUM_CONVERSION = YES;
				CLANG_WARN_INT_CONVERSION = YES;
				CLANG_WARN_OBJC_ROOT_CLASS = YES_ERROR;
				CLANG_WARN_UNREACHABLE_CODE = YES;
				CLANG_WARN__DUPLICATE_METHOD_MATCH = YES;
				COPY_PHASE_STRIP = NO;
				DEBUG_INFORMATION_FORMAT = "dwarf-with-dsym";
				ENABLE_NS_ASSERTIONS = NO;
				ENABLE_STRICT_OBJC_MSGSEND = YES;
				GCC_C_LANGUAGE_STANDARD = gnu99;
				GCC_WARN_64_TO_32_BIT_CONVERSION = YES;
				GCC_WARN_ABOUT_RETURN_TYPE = YES_ERROR;
				GCC_WARN_UNDECLARED_SELECTOR = YES;
				GCC_WARN_UNINITIALIZED_AUTOS = YES_AGGRESSIVE;
				GCC_WARN_UNUSED_FUNCTION = YES;
				GCC_WARN_UNUSED_VARIABLE = YES;
				MACOSX_DEPLOYMENT_TARGET = 10.10;
				MTL_ENABLE_DEBUG_INFO = NO;
				SDKROOT = macosx;
			};
			name = Release;
		};
		D14CD2EA1AD6E9F700DBFEFE /* Debug */ = {
			isa = XCBuildConfiguration;
			buildSettings = {
				PRODUCT_NAME = "$(TARGET_NAME)";
			};
			name = Debug;
		};
		D14CD2EB1AD6E9F700DBFEFE /* Release */ = {
			isa = XCBuildConfiguration;
			buildSettings = {
				PRODUCT_NAME = "$(TARGET_NAME)";
			};
			name = Release;
		};
/* End XCBuildConfiguration section */

/* Begin XCConfigurationList section */
		D14CD2DD1AD6E9F700DBFEFE /* Build configuration list for PBXProject "Car" */ = {
			isa = XCConfigurationList;
			buildConfigurations = (
				D14CD2E71AD6E9F700DBFEFE /* Debug */,
				D14CD2E81AD6E9F700DBFEFE /* Release */,
			);
			defaultConfigurationIsVisible = 0;
			defaultConfigurationName = Release;
		};
		D14CD2E91AD6E9F700DBFEFE /* Build configuration list for PBXNativeTarget "Car" */ = {
			isa = XCConfigurationList;
			buildConfigurations = (
				D14CD2EA1AD6E9F700DBFEFE /* Debug */,
				D14CD2EB1AD6E9F700DBFEFE /* Release */,
			);
			defaultConfigurationIsVisible = 0;
			defaultConfigurationName = Release;
		};
/* End XCConfigurationList section */
	};
	rootObject = D14CD2DA1AD6E9F700DBFEFE /* Project object */;
}
